# This file is automatically @generated by Wally.
# It is not intended for manual editing.
registry = "test"

[[package]]
name = "prooheckcp/roactmotion"
version = "0.1.11"
dependencies = []

[[package]]
name = "prooheckcp/robloxsandbox"
version = "0.1.0"
dependencies = [["roactmotion", "prooheckcp/roactmotion@0.1.11"]]
